
Microsoft Visual Studio Solution File, Format Version 12.00
# Visual Studio Version 17
VisualStudioVersion = 17.3.32811.315
MinimumVisualStudioVersion = 10.0.40219.1
Project("{8BC9CEB8-8B4A-11D0-8D11-00A0C91BC942}") = "Fase1", "Fase1.vcxproj", "{30262395-1CA7-448F-98EE-AD0846D2D74A}"
EndProject
Project("{888888A0-9F3D-457C-B088-3A5042F75D52}") = "Fase2", "..\Fase2\Fase2.pyproj", "{618CC56B-7E90-4EF5-B906-C2E3BE91D9A6}"
EndProject
Global
	GlobalSection(SolutionConfigurationPlatforms) = preSolution
		Debug|Any CPU = Debug|Any CPU
		Debug|x64 = Debug|x64
		Debug|x86 = Debug|x86
		Release|Any CPU = Release|Any CPU
		Release|x64 = Release|x64
		Release|x86 = Release|x86
	EndGlobalSection
	GlobalSection(ProjectConfigurationPlatforms) = postSolution
		{30262395-1CA7-448F-98EE-AD0846D2D74A}.Debug|Any CPU.ActiveCfg = Debug|x64
		{30262395-1CA7-448F-98EE-AD0846D2D74A}.Debug|Any CPU.Build.0 = Debug|x64
		{30262395-1CA7-448F-98EE-AD0846D2D74A}.Debug|x64.ActiveCfg = Debug|x64
		{30262395-1CA7-448F-98EE-AD0846D2D74A}.Debug|x64.Build.0 = Debug|x64
		{30262395-1CA7-448F-98EE-AD0846D2D74A}.Debug|x86.ActiveCfg = Debug|Win32
		{30262395-1CA7-448F-98EE-AD0846D2D74A}.Debug|x86.Build.0 = Debug|Win32
		{30262395-1CA7-448F-98EE-AD0846D2D74A}.Release|Any CPU.ActiveCfg = Release|x64
		{30262395-1CA7-448F-98EE-AD0846D2D74A}.Release|Any CPU.Build.0 = Release|x64
		{30262395-1CA7-448F-98EE-AD0846D2D74A}.Release|x64.ActiveCfg = Release|x64
		{30262395-1CA7-448F-98EE-AD0846D2D74A}.Release|x64.Build.0 = Release|x64
		{30262395-1CA7-448F-98EE-AD0846D2D74A}.Release|x86.ActiveCfg = Release|Win32
		{30262395-1CA7-448F-98EE-AD0846D2D74A}.Release|x86.Build.0 = Release|Win32
		{618CC56B-7E90-4EF5-B906-C2E3BE91D9A6}.Debug|Any CPU.ActiveCfg = Debug|Any CPU
		{618CC56B-7E90-4EF5-B906-C2E3BE91D9A6}.Debug|x64.ActiveCfg = Debug|Any CPU
		{618CC56B-7E90-4EF5-B906-C2E3BE91D9A6}.Debug|x86.ActiveCfg = Debug|Any CPU
		{618CC56B-7E90-4EF5-B906-C2E3BE91D9A6}.Release|Any CPU.ActiveCfg = Release|Any CPU
		{618CC56B-7E90-4EF5-B906-C2E3BE91D9A6}.Release|x64.ActiveCfg = Release|Any CPU
		{618CC56B-7E90-4EF5-B906-C2E3BE91D9A6}.Release|x86.ActiveCfg = Release|Any CPU
	EndGlobalSection
	GlobalSection(SolutionProperties) = preSolution
		HideSolutionNode = FALSE
	EndGlobalSection
	GlobalSection(ExtensibilityGlobals) = postSolution
		SolutionGuid = {14A4127B-C2FA-476B-920A-D655FD0BE602}
	EndGlobalSection
EndGlobal
